
Microsoft Visual Studio Solution File, Format Version 12.00
# Visual Studio Version 16
VisualStudioVersion = 16.0.30128.74
MinimumVisualStudioVersion = 10.0.40219.1
Project("{FAE04EC0-301F-11D3-BF4B-00C04F79EFBC}") = "InstagrammPasper", "InstagrammPasper.csproj", "{B69A0B6E-E52F-411B-82C5-08EC773FAC05}"
EndProject
Global
	GlobalSection(SolutionConfigurationPlatforms) = preSolution
		Debug|Any CPU = Debug|Any CPU
		Release|Any CPU = Release|Any CPU
	EndGlobalSection
	GlobalSection(ProjectConfigurationPlatforms) = postSolution
		{B69A0B6E-E52F-411B-82C5-08EC773FAC05}.Debug|Any CPU.ActiveCfg = Debug|Any CPU
		{B69A0B6E-E52F-411B-82C5-08EC773FAC05}.Debug|Any CPU.Build.0 = Debug|Any CPU
		{B69A0B6E-E52F-411B-82C5-08EC773FAC05}.Release|Any CPU.ActiveCfg = Release|Any CPU
		{B69A0B6E-E52F-411B-82C5-08EC773FAC05}.Release|Any CPU.Build.0 = Release|Any CPU
	EndGlobalSection
	GlobalSection(SolutionProperties) = preSolution
		HideSolutionNode = FALSE
	EndGlobalSection
	GlobalSection(ExtensibilityGlobals) = postSolution
		SolutionGuid = {B3DA6CAF-1BCF-460D-B06E-9F6C69DD7F74}
	EndGlobalSection
EndGlobal
